
Microsoft Visual Studio Solution File, Format Version 12.00
# Visual Studio Version 17
VisualStudioVersion = 17.6.33829.357
MinimumVisualStudioVersion = 10.0.40219.1
Project("{8BC9CEB8-8B4A-11D0-8D11-00A0C91BC942}") = "task1", "task1\task1.vcxproj", "{773170C8-BA85-4A2A-8CC0-A30D3E46B72E}"
EndProject
Project("{8BC9CEB8-8B4A-11D0-8D11-00A0C91BC942}") = "task2", "task2\task2.vcxproj", "{FC34737F-48EE-4535-A2A7-96BD34FAD870}"
EndProject
Project("{8BC9CEB8-8B4A-11D0-8D11-00A0C91BC942}") = "task3", "task3\task3.vcxproj", "{DE962DE5-6B42-4262-866D-098EAFBA1C8A}"
EndProject
Project("{8BC9CEB8-8B4A-11D0-8D11-00A0C91BC942}") = "task4", "task4\task4.vcxproj", "{4DC838DE-7067-4524-BF4C-5DCE248F95BF}"
EndProject
Project("{8BC9CEB8-8B4A-11D0-8D11-00A0C91BC942}") = "task5", "task5\task5.vcxproj", "{3A5BE80C-7F6C-47FF-8A4C-491F3EC6678C}"
EndProject
Project("{8BC9CEB8-8B4A-11D0-8D11-00A0C91BC942}") = "task6", "task6\task6.vcxproj", "{81C1137C-C1AE-4FF1-9E1D-7CB4217E9337}"
EndProject
Project("{8BC9CEB8-8B4A-11D0-8D11-00A0C91BC942}") = "task7", "task7\task7.vcxproj", "{76FC055F-597A-4354-BBF4-496992581549}"
EndProject
Global
	GlobalSection(SolutionConfigurationPlatforms) = preSolution
		Debug|x64 = Debug|x64
		Debug|x86 = Debug|x86
		Release|x64 = Release|x64
		Release|x86 = Release|x86
	EndGlobalSection
	GlobalSection(ProjectConfigurationPlatforms) = postSolution
		{773170C8-BA85-4A2A-8CC0-A30D3E46B72E}.Debug|x64.ActiveCfg = Debug|x64
		{773170C8-BA85-4A2A-8CC0-A30D3E46B72E}.Debug|x64.Build.0 = Debug|x64
		{773170C8-BA85-4A2A-8CC0-A30D3E46B72E}.Debug|x86.ActiveCfg = Debug|Win32
		{773170C8-BA85-4A2A-8CC0-A30D3E46B72E}.Debug|x86.Build.0 = Debug|Win32
		{773170C8-BA85-4A2A-8CC0-A30D3E46B72E}.Release|x64.ActiveCfg = Release|x64
		{773170C8-BA85-4A2A-8CC0-A30D3E46B72E}.Release|x64.Build.0 = Release|x64
		{773170C8-BA85-4A2A-8CC0-A30D3E46B72E}.Release|x86.ActiveCfg = Release|Win32
		{773170C8-BA85-4A2A-8CC0-A30D3E46B72E}.Release|x86.Build.0 = Release|Win32
		{FC34737F-48EE-4535-A2A7-96BD34FAD870}.Debug|x64.ActiveCfg = Debug|x64
		{FC34737F-48EE-4535-A2A7-96BD34FAD870}.Debug|x64.Build.0 = Debug|x64
		{FC34737F-48EE-4535-A2A7-96BD34FAD870}.Debug|x86.ActiveCfg = Debug|Win32
		{FC34737F-48EE-4535-A2A7-96BD34FAD870}.Debug|x86.Build.0 = Debug|Win32
		{FC34737F-48EE-4535-A2A7-96BD34FAD870}.Release|x64.ActiveCfg = Release|x64
		{FC34737F-48EE-4535-A2A7-96BD34FAD870}.Release|x64.Build.0 = Release|x64
		{FC34737F-48EE-4535-A2A7-96BD34FAD870}.Release|x86.ActiveCfg = Release|Win32
		{FC34737F-48EE-4535-A2A7-96BD34FAD870}.Release|x86.Build.0 = Release|Win32
		{DE962DE5-6B42-4262-866D-098EAFBA1C8A}.Debug|x64.ActiveCfg = Debug|x64
		{DE962DE5-6B42-4262-866D-098EAFBA1C8A}.Debug|x64.Build.0 = Debug|x64
		{DE962DE5-6B42-4262-866D-098EAFBA1C8A}.Debug|x86.ActiveCfg = Debug|Win32
		{DE962DE5-6B42-4262-866D-098EAFBA1C8A}.Debug|x86.Build.0 = Debug|Win32
		{DE962DE5-6B42-4262-866D-098EAFBA1C8A}.Release|x64.ActiveCfg = Release|x64
		{DE962DE5-6B42-4262-866D-098EAFBA1C8A}.Release|x64.Build.0 = Release|x64
		{DE962DE5-6B42-4262-866D-098EAFBA1C8A}.Release|x86.ActiveCfg = Release|Win32
		{DE962DE5-6B42-4262-866D-098EAFBA1C8A}.Release|x86.Build.0 = Release|Win32
		{4DC838DE-7067-4524-BF4C-5DCE248F95BF}.Debug|x64.ActiveCfg = Debug|x64
		{4DC838DE-7067-4524-BF4C-5DCE248F95BF}.Debug|x64.Build.0 = Debug|x64
		{4DC838DE-7067-4524-BF4C-5DCE248F95BF}.Debug|x86.ActiveCfg = Debug|Win32
		{4DC838DE-7067-4524-BF4C-5DCE248F95BF}.Debug|x86.Build.0 = Debug|Win32
		{4DC838DE-7067-4524-BF4C-5DCE248F95BF}.Release|x64.ActiveCfg = Release|x64
		{4DC838DE-7067-4524-BF4C-5DCE248F95BF}.Release|x64.Build.0 = Release|x64
		{4DC838DE-7067-4524-BF4C-5DCE248F95BF}.Release|x86.ActiveCfg = Release|Win32
		{4DC838DE-7067-4524-BF4C-5DCE248F95BF}.Release|x86.Build.0 = Release|Win32
		{3A5BE80C-7F6C-47FF-8A4C-491F3EC6678C}.Debug|x64.ActiveCfg = Debug|x64
		{3A5BE80C-7F6C-47FF-8A4C-491F3EC6678C}.Debug|x64.Build.0 = Debug|x64
		{3A5BE80C-7F6C-47FF-8A4C-491F3EC6678C}.Debug|x86.ActiveCfg = Debug|Win32
		{3A5BE80C-7F6C-47FF-8A4C-491F3EC6678C}.Debug|x86.Build.0 = Debug|Win32
		{3A5BE80C-7F6C-47FF-8A4C-491F3EC6678C}.Release|x64.ActiveCfg = Release|x64
		{3A5BE80C-7F6C-47FF-8A4C-491F3EC6678C}.Release|x64.Build.0 = Release|x64
		{3A5BE80C-7F6C-47FF-8A4C-491F3EC6678C}.Release|x86.ActiveCfg = Release|Win32
		{3A5BE80C-7F6C-47FF-8A4C-491F3EC6678C}.Release|x86.Build.0 = Release|Win32
		{81C1137C-C1AE-4FF1-9E1D-7CB4217E9337}.Debug|x64.ActiveCfg = Debug|x64
		{81C1137C-C1AE-4FF1-9E1D-7CB4217E9337}.Debug|x64.Build.0 = Debug|x64
		{81C1137C-C1AE-4FF1-9E1D-7CB4217E9337}.Debug|x86.ActiveCfg = Debug|Win32
		{81C1137C-C1AE-4FF1-9E1D-7CB4217E9337}.Debug|x86.Build.0 = Debug|Win32
		{81C1137C-C1AE-4FF1-9E1D-7CB4217E9337}.Release|x64.ActiveCfg = Release|x64
		{81C1137C-C1AE-4FF1-9E1D-7CB4217E9337}.Release|x64.Build.0 = Release|x64
		{81C1137C-C1AE-4FF1-9E1D-7CB4217E9337}.Release|x86.ActiveCfg = Release|Win32
		{81C1137C-C1AE-4FF1-9E1D-7CB4217E9337}.Release|x86.Build.0 = Release|Win32
		{76FC055F-597A-4354-BBF4-496992581549}.Debug|x64.ActiveCfg = Debug|x64
		{76FC055F-597A-4354-BBF4-496992581549}.Debug|x64.Build.0 = Debug|x64
		{76FC055F-597A-4354-BBF4-496992581549}.Debug|x86.ActiveCfg = Debug|Win32
		{76FC055F-597A-4354-BBF4-496992581549}.Debug|x86.Build.0 = Debug|Win32
		{76FC055F-597A-4354-BBF4-496992581549}.Release|x64.ActiveCfg = Release|x64
		{76FC055F-597A-4354-BBF4-496992581549}.Release|x64.Build.0 = Release|x64
		{76FC055F-597A-4354-BBF4-496992581549}.Release|x86.ActiveCfg = Release|Win32
		{76FC055F-597A-4354-BBF4-496992581549}.Release|x86.Build.0 = Release|Win32
	EndGlobalSection
	GlobalSection(SolutionProperties) = preSolution
		HideSolutionNode = FALSE
	EndGlobalSection
	GlobalSection(ExtensibilityGlobals) = postSolution
		SolutionGuid = {6FF0F192-0A8C-4BD2-877A-26B025ACADAE}
	EndGlobalSection
EndGlobal
