
Microsoft Visual Studio Solution File, Format Version 12.00
# Visual Studio Version 17
VisualStudioVersion = 17.6.33829.357
MinimumVisualStudioVersion = 10.0.40219.1
Project("{8BC9CEB8-8B4A-11D0-8D11-00A0C91BC942}") = "task2", "task2\task2.vcxproj", "{6C26338E-84B2-470C-9520-8E7E043E4A69}"
EndProject
Project("{8BC9CEB8-8B4A-11D0-8D11-00A0C91BC942}") = "task3", "task3\task3.vcxproj", "{70463966-913F-43EE-94CC-3B7125BD5E20}"
EndProject
Project("{8BC9CEB8-8B4A-11D0-8D11-00A0C91BC942}") = "task1", "task1\task1.vcxproj", "{2772D63E-E63D-456C-BA94-EF33AB39D2E1}"
EndProject
Project("{8BC9CEB8-8B4A-11D0-8D11-00A0C91BC942}") = "task7", "task7\task7.vcxproj", "{22FFADD5-407E-4F34-9794-B992234E4C3D}"
EndProject
Project("{8BC9CEB8-8B4A-11D0-8D11-00A0C91BC942}") = "task5", "task5\task5.vcxproj", "{2A1174B4-AC21-44F9-A942-67608A3932E7}"
EndProject
Project("{8BC9CEB8-8B4A-11D0-8D11-00A0C91BC942}") = "task8", "task8\task8.vcxproj", "{2D745AD2-EB31-4264-90C5-E08D5CA0E216}"
EndProject
Project("{8BC9CEB8-8B4A-11D0-8D11-00A0C91BC942}") = "task6", "task6\task6.vcxproj", "{1EBA72B1-5C18-49CC-9274-4BB0D112D580}"
EndProject
Project("{8BC9CEB8-8B4A-11D0-8D11-00A0C91BC942}") = "task4", "task4\task4.vcxproj", "{23FAD613-EEBF-4FD4-8DA7-526284952949}"
EndProject
Global
	GlobalSection(SolutionConfigurationPlatforms) = preSolution
		Debug|x64 = Debug|x64
		Debug|x86 = Debug|x86
		Release|x64 = Release|x64
		Release|x86 = Release|x86
	EndGlobalSection
	GlobalSection(ProjectConfigurationPlatforms) = postSolution
		{6C26338E-84B2-470C-9520-8E7E043E4A69}.Debug|x64.ActiveCfg = Debug|x64
		{6C26338E-84B2-470C-9520-8E7E043E4A69}.Debug|x64.Build.0 = Debug|x64
		{6C26338E-84B2-470C-9520-8E7E043E4A69}.Debug|x86.ActiveCfg = Debug|Win32
		{6C26338E-84B2-470C-9520-8E7E043E4A69}.Debug|x86.Build.0 = Debug|Win32
		{6C26338E-84B2-470C-9520-8E7E043E4A69}.Release|x64.ActiveCfg = Release|x64
		{6C26338E-84B2-470C-9520-8E7E043E4A69}.Release|x64.Build.0 = Release|x64
		{6C26338E-84B2-470C-9520-8E7E043E4A69}.Release|x86.ActiveCfg = Release|Win32
		{6C26338E-84B2-470C-9520-8E7E043E4A69}.Release|x86.Build.0 = Release|Win32
		{70463966-913F-43EE-94CC-3B7125BD5E20}.Debug|x64.ActiveCfg = Debug|x64
		{70463966-913F-43EE-94CC-3B7125BD5E20}.Debug|x64.Build.0 = Debug|x64
		{70463966-913F-43EE-94CC-3B7125BD5E20}.Debug|x86.ActiveCfg = Debug|Win32
		{70463966-913F-43EE-94CC-3B7125BD5E20}.Debug|x86.Build.0 = Debug|Win32
		{70463966-913F-43EE-94CC-3B7125BD5E20}.Release|x64.ActiveCfg = Release|x64
		{70463966-913F-43EE-94CC-3B7125BD5E20}.Release|x64.Build.0 = Release|x64
		{70463966-913F-43EE-94CC-3B7125BD5E20}.Release|x86.ActiveCfg = Release|Win32
		{70463966-913F-43EE-94CC-3B7125BD5E20}.Release|x86.Build.0 = Release|Win32
		{2772D63E-E63D-456C-BA94-EF33AB39D2E1}.Debug|x64.ActiveCfg = Debug|x64
		{2772D63E-E63D-456C-BA94-EF33AB39D2E1}.Debug|x64.Build.0 = Debug|x64
		{2772D63E-E63D-456C-BA94-EF33AB39D2E1}.Debug|x86.ActiveCfg = Debug|Win32
		{2772D63E-E63D-456C-BA94-EF33AB39D2E1}.Debug|x86.Build.0 = Debug|Win32
		{2772D63E-E63D-456C-BA94-EF33AB39D2E1}.Release|x64.ActiveCfg = Release|x64
		{2772D63E-E63D-456C-BA94-EF33AB39D2E1}.Release|x64.Build.0 = Release|x64
		{2772D63E-E63D-456C-BA94-EF33AB39D2E1}.Release|x86.ActiveCfg = Release|Win32
		{2772D63E-E63D-456C-BA94-EF33AB39D2E1}.Release|x86.Build.0 = Release|Win32
		{22FFADD5-407E-4F34-9794-B992234E4C3D}.Debug|x64.ActiveCfg = Debug|x64
		{22FFADD5-407E-4F34-9794-B992234E4C3D}.Debug|x64.Build.0 = Debug|x64
		{22FFADD5-407E-4F34-9794-B992234E4C3D}.Debug|x86.ActiveCfg = Debug|Win32
		{22FFADD5-407E-4F34-9794-B992234E4C3D}.Debug|x86.Build.0 = Debug|Win32
		{22FFADD5-407E-4F34-9794-B992234E4C3D}.Release|x64.ActiveCfg = Release|x64
		{22FFADD5-407E-4F34-9794-B992234E4C3D}.Release|x64.Build.0 = Release|x64
		{22FFADD5-407E-4F34-9794-B992234E4C3D}.Release|x86.ActiveCfg = Release|Win32
		{22FFADD5-407E-4F34-9794-B992234E4C3D}.Release|x86.Build.0 = Release|Win32
		{2A1174B4-AC21-44F9-A942-67608A3932E7}.Debug|x64.ActiveCfg = Debug|x64
		{2A1174B4-AC21-44F9-A942-67608A3932E7}.Debug|x64.Build.0 = Debug|x64
		{2A1174B4-AC21-44F9-A942-67608A3932E7}.Debug|x86.ActiveCfg = Debug|Win32
		{2A1174B4-AC21-44F9-A942-67608A3932E7}.Debug|x86.Build.0 = Debug|Win32
		{2A1174B4-AC21-44F9-A942-67608A3932E7}.Release|x64.ActiveCfg = Release|x64
		{2A1174B4-AC21-44F9-A942-67608A3932E7}.Release|x64.Build.0 = Release|x64
		{2A1174B4-AC21-44F9-A942-67608A3932E7}.Release|x86.ActiveCfg = Release|Win32
		{2A1174B4-AC21-44F9-A942-67608A3932E7}.Release|x86.Build.0 = Release|Win32
		{2D745AD2-EB31-4264-90C5-E08D5CA0E216}.Debug|x64.ActiveCfg = Debug|x64
		{2D745AD2-EB31-4264-90C5-E08D5CA0E216}.Debug|x64.Build.0 = Debug|x64
		{2D745AD2-EB31-4264-90C5-E08D5CA0E216}.Debug|x86.ActiveCfg = Debug|Win32
		{2D745AD2-EB31-4264-90C5-E08D5CA0E216}.Debug|x86.Build.0 = Debug|Win32
		{2D745AD2-EB31-4264-90C5-E08D5CA0E216}.Release|x64.ActiveCfg = Release|x64
		{2D745AD2-EB31-4264-90C5-E08D5CA0E216}.Release|x64.Build.0 = Release|x64
		{2D745AD2-EB31-4264-90C5-E08D5CA0E216}.Release|x86.ActiveCfg = Release|Win32
		{2D745AD2-EB31-4264-90C5-E08D5CA0E216}.Release|x86.Build.0 = Release|Win32
		{1EBA72B1-5C18-49CC-9274-4BB0D112D580}.Debug|x64.ActiveCfg = Debug|x64
		{1EBA72B1-5C18-49CC-9274-4BB0D112D580}.Debug|x64.Build.0 = Debug|x64
		{1EBA72B1-5C18-49CC-9274-4BB0D112D580}.Debug|x86.ActiveCfg = Debug|Win32
		{1EBA72B1-5C18-49CC-9274-4BB0D112D580}.Debug|x86.Build.0 = Debug|Win32
		{1EBA72B1-5C18-49CC-9274-4BB0D112D580}.Release|x64.ActiveCfg = Release|x64
		{1EBA72B1-5C18-49CC-9274-4BB0D112D580}.Release|x64.Build.0 = Release|x64
		{1EBA72B1-5C18-49CC-9274-4BB0D112D580}.Release|x86.ActiveCfg = Release|Win32
		{1EBA72B1-5C18-49CC-9274-4BB0D112D580}.Release|x86.Build.0 = Release|Win32
		{23FAD613-EEBF-4FD4-8DA7-526284952949}.Debug|x64.ActiveCfg = Debug|x64
		{23FAD613-EEBF-4FD4-8DA7-526284952949}.Debug|x64.Build.0 = Debug|x64
		{23FAD613-EEBF-4FD4-8DA7-526284952949}.Debug|x86.ActiveCfg = Debug|Win32
		{23FAD613-EEBF-4FD4-8DA7-526284952949}.Debug|x86.Build.0 = Debug|Win32
		{23FAD613-EEBF-4FD4-8DA7-526284952949}.Release|x64.ActiveCfg = Release|x64
		{23FAD613-EEBF-4FD4-8DA7-526284952949}.Release|x64.Build.0 = Release|x64
		{23FAD613-EEBF-4FD4-8DA7-526284952949}.Release|x86.ActiveCfg = Release|Win32
		{23FAD613-EEBF-4FD4-8DA7-526284952949}.Release|x86.Build.0 = Release|Win32
	EndGlobalSection
	GlobalSection(SolutionProperties) = preSolution
		HideSolutionNode = FALSE
	EndGlobalSection
	GlobalSection(ExtensibilityGlobals) = postSolution
		SolutionGuid = {680C986B-5EE6-431B-8B7E-06E4264326C9}
	EndGlobalSection
EndGlobal
